
Microsoft Visual Studio Solution File, Format Version 12.00
# Visual Studio Version 16
VisualStudioVersion = 16.0.29326.143
MinimumVisualStudioVersion = 10.0.40219.1
Project("{FAE04EC0-301F-11D3-BF4B-00C04F79EFBC}") = "OOP_2_sharp", "OOP_2_sharp\OOP_2_sharp.csproj", "{EA01C97D-DE9D-463A-884A-B06669A90DAA}"
EndProject
Global
	GlobalSection(SolutionConfigurationPlatforms) = preSolution
		Debug|Any CPU = Debug|Any CPU
		Release|Any CPU = Release|Any CPU
	EndGlobalSection
	GlobalSection(ProjectConfigurationPlatforms) = postSolution
		{EA01C97D-DE9D-463A-884A-B06669A90DAA}.Debug|Any CPU.ActiveCfg = Debug|Any CPU
		{EA01C97D-DE9D-463A-884A-B06669A90DAA}.Debug|Any CPU.Build.0 = Debug|Any CPU
		{EA01C97D-DE9D-463A-884A-B06669A90DAA}.Release|Any CPU.ActiveCfg = Release|Any CPU
		{EA01C97D-DE9D-463A-884A-B06669A90DAA}.Release|Any CPU.Build.0 = Release|Any CPU
	EndGlobalSection
	GlobalSection(SolutionProperties) = preSolution
		HideSolutionNode = FALSE
	EndGlobalSection
	GlobalSection(ExtensibilityGlobals) = postSolution
		SolutionGuid = {0B441748-9EE9-46DC-9445-0F54C0DD67B1}
	EndGlobalSection
EndGlobal
