
Microsoft Visual Studio Solution File, Format Version 12.00
# Visual Studio Version 16
VisualStudioVersion = 16.0.29326.143
MinimumVisualStudioVersion = 10.0.40219.1
Project("{FAE04EC0-301F-11D3-BF4B-00C04F79EFBC}") = "OOP_4_sharp", "OOP_4_sharp\OOP_4_sharp.csproj", "{10E2FDBA-24D9-449A-A3A1-412C83D5790E}"
EndProject
Global
	GlobalSection(SolutionConfigurationPlatforms) = preSolution
		Debug|Any CPU = Debug|Any CPU
		Release|Any CPU = Release|Any CPU
	EndGlobalSection
	GlobalSection(ProjectConfigurationPlatforms) = postSolution
		{10E2FDBA-24D9-449A-A3A1-412C83D5790E}.Debug|Any CPU.ActiveCfg = Debug|Any CPU
		{10E2FDBA-24D9-449A-A3A1-412C83D5790E}.Debug|Any CPU.Build.0 = Debug|Any CPU
		{10E2FDBA-24D9-449A-A3A1-412C83D5790E}.Release|Any CPU.ActiveCfg = Release|Any CPU
		{10E2FDBA-24D9-449A-A3A1-412C83D5790E}.Release|Any CPU.Build.0 = Release|Any CPU
	EndGlobalSection
	GlobalSection(SolutionProperties) = preSolution
		HideSolutionNode = FALSE
	EndGlobalSection
	GlobalSection(ExtensibilityGlobals) = postSolution
		SolutionGuid = {A44AB41E-CE67-4812-AE0C-C2CBC6EC349B}
	EndGlobalSection
EndGlobal
