
Microsoft Visual Studio Solution File, Format Version 12.00
# Visual Studio Version 16
VisualStudioVersion = 16.0.29326.143
MinimumVisualStudioVersion = 10.0.40219.1
Project("{FAE04EC0-301F-11D3-BF4B-00C04F79EFBC}") = "OOP_5.2_sharp", "OOP_5.2_sharp\OOP_5.2_sharp.csproj", "{1783B30F-ACA2-438B-9FA6-161555CCDD2C}"
EndProject
Global
	GlobalSection(SolutionConfigurationPlatforms) = preSolution
		Debug|Any CPU = Debug|Any CPU
		Release|Any CPU = Release|Any CPU
	EndGlobalSection
	GlobalSection(ProjectConfigurationPlatforms) = postSolution
		{1783B30F-ACA2-438B-9FA6-161555CCDD2C}.Debug|Any CPU.ActiveCfg = Debug|Any CPU
		{1783B30F-ACA2-438B-9FA6-161555CCDD2C}.Debug|Any CPU.Build.0 = Debug|Any CPU
		{1783B30F-ACA2-438B-9FA6-161555CCDD2C}.Release|Any CPU.ActiveCfg = Release|Any CPU
		{1783B30F-ACA2-438B-9FA6-161555CCDD2C}.Release|Any CPU.Build.0 = Release|Any CPU
	EndGlobalSection
	GlobalSection(SolutionProperties) = preSolution
		HideSolutionNode = FALSE
	EndGlobalSection
	GlobalSection(ExtensibilityGlobals) = postSolution
		SolutionGuid = {6EF6CB76-A4EE-4A1B-A8E5-2074EC1D0D3E}
	EndGlobalSection
EndGlobal
